# This file is automatically @generated by Cargo.
# It is not intended for manual editing.
version = 4

[[package]]
name = "fpp"
version = "0.1.0"
dependencies = [
 "fpp_ast",
 "fpp_core",
 "fpp_parser",
]

[[package]]
name = "fpp_ast"
version = "0.1.0"
dependencies = [
 "fpp_core",
]

[[package]]
name = "fpp_core"
version = "0.1.0"
dependencies = [
 "scoped-tls",
]

[[package]]
name = "fpp_parser"
version = "0.1.0"
dependencies = [
 "fpp_ast",
 "fpp_core",
 "memchr",
]

[[package]]
name = "memchr"
version = "2.7.6"
source = "registry+https://github.com/rust-lang/crates.io-index"
checksum = "f52b00d39961fc5b2736ea853c9cc86238e165017a493d1d5c8eac6bdc4cc273"

[[package]]
name = "scoped-tls"
version = "1.0.1"
source = "registry+https://github.com/rust-lang/crates.io-index"
checksum = "e1cf6437eb19a8f4a6cc0f7dca544973b0b78843adbfeb3683d1a94a0024a294"
