# This file is automatically @generated by Cargo.
# It is not intended for manual editing.
version = 4

[[package]]
name = "fpp"
version = "0.1.0"
dependencies = [
 "fpp_ast",
 "fpp_core",
 "fpp_parser",
]

[[package]]
name = "fpp_ast"
version = "0.1.0"
dependencies = [
 "fpp_core",
]

[[package]]
name = "fpp_core"
version = "0.1.0"
dependencies = [
 "scoped-tls",
]

[[package]]
name = "fpp_parser"
version = "0.1.0"
dependencies = [
 "fpp_ast",
 "fpp_core",
 "memchr",
]

[[package]]
name = "memchr"
version = "2.7.4"
source = "registry+https://github.com/rust-lang/crates.io-index"
checksum = "78ca9ab1a0babb1e7d5695e3530886289c18cf2f87ec19a575a0abdce112e3a3"

[[package]]
name = "scoped-tls"
version = "1.0.1"
source = "registry+https://github.com/rust-lang/crates.io-index"
checksum = "e1cf6437eb19a8f4a6cc0f7dca544973b0b78843adbfeb3683d1a94a0024a294"
